// !$*UTF8*$!
{
	archiveVersion = 1;
	classes = {
	};
	objectVersion = 56;
	objects = {

/* Begin PBXBuildFile section */
		691B8F3F2D32A8CA004A2F7E /* AppDelegate.swift in Sources */ = {isa = PBXBuildFile; fileRef = 691B8F3E2D32A8CA004A2F7E /* AppDelegate.swift */; };
		691B8F412D32A8CA004A2F7E /* SceneDelegate.swift in Sources */ = {isa = PBXBuildFile; fileRef = 691B8F402D32A8CA004A2F7E /* SceneDelegate.swift */; };
		691B8F432D32A8CA004A2F7E /* ViewController.swift in Sources */ = {isa = PBXBuildFile; fileRef = 691B8F422D32A8CA004A2F7E /* ViewController.swift */; };
		691B8F482D32A8CB004A2F7E /* Assets.xcassets in Resources */ = {isa = PBXBuildFile; fileRef = 691B8F472D32A8CB004A2F7E /* Assets.xcassets */; };
		691B8F4B2D32A8CB004A2F7E /* Base in Resources */ = {isa = PBXBuildFile; fileRef = 691B8F4A2D32A8CB004A2F7E /* Base */; };
		691B8F552D32AD13004A2F7E /* ProfileViewController.swift in Sources */ = {isa = PBXBuildFile; fileRef = 691B8F542D32AD13004A2F7E /* ProfileViewController.swift */; };
		691B8F572D32AEE1004A2F7E /* HomeViewController.swift in Sources */ = {isa = PBXBuildFile; fileRef = 691B8F562D32AEE0004A2F7E /* HomeViewController.swift */; };
		691B8F592D32AF8F004A2F7E /* ChatTableViewController.swift in Sources */ = {isa = PBXBuildFile; fileRef = 691B8F582D32AF8F004A2F7E /* ChatTableViewController.swift */; };
		691B8F5B2D32AFE8004A2F7E /* TabBarController.swift in Sources */ = {isa = PBXBuildFile; fileRef = 691B8F5A2D32AFE8004A2F7E /* TabBarController.swift */; };
		691B8F5D2D32AFF6004A2F7E /* ExploreTableViewController.swift in Sources */ = {isa = PBXBuildFile; fileRef = 691B8F5C2D32AFF6004A2F7E /* ExploreTableViewController.swift */; };
		691B8F5F2D32B002004A2F7E /* MediaTableViewController.swift in Sources */ = {isa = PBXBuildFile; fileRef = 691B8F5E2D32B002004A2F7E /* MediaTableViewController.swift */; };
/* End PBXBuildFile section */

/* Begin PBXFileReference section */
		691B8F3B2D32A8CA004A2F7E /* TabBarProjectExample.app */ = {isa = PBXFileReference; explicitFileType = wrapper.application; includeInIndex = 0; path = TabBarProjectExample.app; sourceTree = BUILT_PRODUCTS_DIR; };
		691B8F3E2D32A8CA004A2F7E /* AppDelegate.swift */ = {isa = PBXFileReference; lastKnownFileType = sourcecode.swift; path = AppDelegate.swift; sourceTree = "<group>"; };
		691B8F402D32A8CA004A2F7E /* SceneDelegate.swift */ = {isa = PBXFileReference; lastKnownFileType = sourcecode.swift; path = SceneDelegate.swift; sourceTree = "<group>"; };
		691B8F422D32A8CA004A2F7E /* ViewController.swift */ = {isa = PBXFileReference; lastKnownFileType = sourcecode.swift; path = ViewController.swift; sourceTree = "<group>"; };
		691B8F472D32A8CB004A2F7E /* Assets.xcassets */ = {isa = PBXFileReference; lastKnownFileType = folder.assetcatalog; path = Assets.xcassets; sourceTree = "<group>"; };
		691B8F4A2D32A8CB004A2F7E /* Base */ = {isa = PBXFileReference; lastKnownFileType = file.storyboard; name = Base; path = Base.lproj/LaunchScreen.storyboard; sourceTree = "<group>"; };
		691B8F4C2D32A8CB004A2F7E /* Info.plist */ = {isa = PBXFileReference; lastKnownFileType = text.plist.xml; path = Info.plist; sourceTree = "<group>"; };
		691B8F542D32AD13004A2F7E /* ProfileViewController.swift */ = {isa = PBXFileReference; lastKnownFileType = sourcecode.swift; path = ProfileViewController.swift; sourceTree = "<group>"; };
		691B8F562D32AEE0004A2F7E /* HomeViewController.swift */ = {isa = PBXFileReference; fileEncoding = 4; lastKnownFileType = sourcecode.swift; path = HomeViewController.swift; sourceTree = "<group>"; };
		691B8F582D32AF8F004A2F7E /* ChatTableViewController.swift */ = {isa = PBXFileReference; fileEncoding = 4; lastKnownFileType = sourcecode.swift; path = ChatTableViewController.swift; sourceTree = "<group>"; };
		691B8F5A2D32AFE8004A2F7E /* TabBarController.swift */ = {isa = PBXFileReference; fileEncoding = 4; lastKnownFileType = sourcecode.swift; path = TabBarController.swift; sourceTree = "<group>"; };
		691B8F5C2D32AFF6004A2F7E /* ExploreTableViewController.swift */ = {isa = PBXFileReference; fileEncoding = 4; lastKnownFileType = sourcecode.swift; path = ExploreTableViewController.swift; sourceTree = "<group>"; };
		691B8F5E2D32B002004A2F7E /* MediaTableViewController.swift */ = {isa = PBXFileReference; fileEncoding = 4; lastKnownFileType = sourcecode.swift; path = MediaTableViewController.swift; sourceTree = "<group>"; };
		691B8F602D32B3D9004A2F7E /* README.md */ = {isa = PBXFileReference; lastKnownFileType = net.daringfireball.markdown; path = README.md; sourceTree = "<group>"; };
/* End PBXFileReference section */

/* Begin PBXFrameworksBuildPhase section */
		691B8F382D32A8CA004A2F7E /* Frameworks */ = {
			isa = PBXFrameworksBuildPhase;
			buildActionMask = 2147483647;
			files = (
			);
			runOnlyForDeploymentPostprocessing = 0;
		};
/* End PBXFrameworksBuildPhase section */

/* Begin PBXGroup section */
		691B8F322D32A8CA004A2F7E = {
			isa = PBXGroup;
			children = (
				691B8F602D32B3D9004A2F7E /* README.md */,
				691B8F3D2D32A8CA004A2F7E /* TabBarProjectExample */,
				691B8F3C2D32A8CA004A2F7E /* Products */,
			);
			sourceTree = "<group>";
		};
		691B8F3C2D32A8CA004A2F7E /* Products */ = {
			isa = PBXGroup;
			children = (
				691B8F3B2D32A8CA004A2F7E /* TabBarProjectExample.app */,
			);
			name = Products;
			sourceTree = "<group>";
		};
		691B8F3D2D32A8CA004A2F7E /* TabBarProjectExample */ = {
			isa = PBXGroup;
			children = (
				691B8F522D32AC4C004A2F7E /* LifeCycleApp */,
				691B8F532D32AC68004A2F7E /* FlatViewControllers */,
				691B8F422D32A8CA004A2F7E /* ViewController.swift */,
				691B8F472D32A8CB004A2F7E /* Assets.xcassets */,
				691B8F492D32A8CB004A2F7E /* LaunchScreen.storyboard */,
				691B8F4C2D32A8CB004A2F7E /* Info.plist */,
			);
			path = TabBarProjectExample;
			sourceTree = "<group>";
		};
		691B8F522D32AC4C004A2F7E /* LifeCycleApp */ = {
			isa = PBXGroup;
			children = (
				691B8F402D32A8CA004A2F7E /* SceneDelegate.swift */,
				691B8F3E2D32A8CA004A2F7E /* AppDelegate.swift */,
				691B8F5A2D32AFE8004A2F7E /* TabBarController.swift */,
			);
			path = LifeCycleApp;
			sourceTree = "<group>";
		};
		691B8F532D32AC68004A2F7E /* FlatViewControllers */ = {
			isa = PBXGroup;
			children = (
				691B8F5E2D32B002004A2F7E /* MediaTableViewController.swift */,
				691B8F542D32AD13004A2F7E /* ProfileViewController.swift */,
				691B8F5C2D32AFF6004A2F7E /* ExploreTableViewController.swift */,
				691B8F562D32AEE0004A2F7E /* HomeViewController.swift */,
				691B8F582D32AF8F004A2F7E /* ChatTableViewController.swift */,
			);
			path = FlatViewControllers;
			sourceTree = "<group>";
		};
/* End PBXGroup section */

/* Begin PBXNativeTarget section */
		691B8F3A2D32A8CA004A2F7E /* TabBarProjectExample */ = {
			isa = PBXNativeTarget;
			buildConfigurationList = 691B8F4F2D32A8CB004A2F7E /* Build configuration list for PBXNativeTarget "TabBarProjectExample" */;
			buildPhases = (
				691B8F372D32A8CA004A2F7E /* Sources */,
				691B8F382D32A8CA004A2F7E /* Frameworks */,
				691B8F392D32A8CA004A2F7E /* Resources */,
			);
			buildRules = (
			);
			dependencies = (
			);
			name = TabBarProjectExample;
			productName = TabBarProjectExample;
			productReference = 691B8F3B2D32A8CA004A2F7E /* TabBarProjectExample.app */;
			productType = "com.apple.product-type.application";
		};
/* End PBXNativeTarget section */

/* Begin PBXProject section */
		691B8F332D32A8CA004A2F7E /* Project object */ = {
			isa = PBXProject;
			attributes = {
				BuildIndependentTargetsInParallel = 1;
				LastSwiftUpdateCheck = 1540;
				LastUpgradeCheck = 1540;
				TargetAttributes = {
					691B8F3A2D32A8CA004A2F7E = {
						CreatedOnToolsVersion = 15.4;
					};
				};
			};
			buildConfigurationList = 691B8F362D32A8CA004A2F7E /* Build configuration list for PBXProject "TabBarProjectExample" */;
			compatibilityVersion = "Xcode 14.0";
			developmentRegion = en;
			hasScannedForEncodings = 0;
			knownRegions = (
				en,
				Base,
			);
			mainGroup = 691B8F322D32A8CA004A2F7E;
			productRefGroup = 691B8F3C2D32A8CA004A2F7E /* Products */;
			projectDirPath = "";
			projectRoot = "";
			targets = (
				691B8F3A2D32A8CA004A2F7E /* TabBarProjectExample */,
			);
		};
/* End PBXProject section */

/* Begin PBXResourcesBuildPhase section */
		691B8F392D32A8CA004A2F7E /* Resources */ = {
			isa = PBXResourcesBuildPhase;
			buildActionMask = 2147483647;
			files = (
				691B8F482D32A8CB004A2F7E /* Assets.xcassets in Resources */,
				691B8F4B2D32A8CB004A2F7E /* Base in Resources */,
			);
			runOnlyForDeploymentPostprocessing = 0;
		};
/* End PBXResourcesBuildPhase section */

/* Begin PBXSourcesBuildPhase section */
		691B8F372D32A8CA004A2F7E /* Sources */ = {
			isa = PBXSourcesBuildPhase;
			buildActionMask = 2147483647;
			files = (
				691B8F5F2D32B002004A2F7E /* MediaTableViewController.swift in Sources */,
				691B8F572D32AEE1004A2F7E /* HomeViewController.swift in Sources */,
				691B8F432D32A8CA004A2F7E /* ViewController.swift in Sources */,
				691B8F5D2D32AFF6004A2F7E /* ExploreTableViewController.swift in Sources */,
				691B8F3F2D32A8CA004A2F7E /* AppDelegate.swift in Sources */,
				691B8F552D32AD13004A2F7E /* ProfileViewController.swift in Sources */,
				691B8F5B2D32AFE8004A2F7E /* TabBarController.swift in Sources */,
				691B8F412D32A8CA004A2F7E /* SceneDelegate.swift in Sources */,
				691B8F592D32AF8F004A2F7E /* ChatTableViewController.swift in Sources */,
			);
			runOnlyForDeploymentPostprocessing = 0;
		};
/* End PBXSourcesBuildPhase section */

/* Begin PBXVariantGroup section */
		691B8F492D32A8CB004A2F7E /* LaunchScreen.storyboard */ = {
			isa = PBXVariantGroup;
			children = (
				691B8F4A2D32A8CB004A2F7E /* Base */,
			);
			name = LaunchScreen.storyboard;
			sourceTree = "<group>";
		};
/* End PBXVariantGroup section */

/* Begin XCBuildConfiguration section */
		691B8F4D2D32A8CB004A2F7E /* Debug */ = {
			isa = XCBuildConfiguration;
			buildSettings = {
				ALWAYS_SEARCH_USER_PATHS = NO;
				ASSETCATALOG_COMPILER_GENERATE_SWIFT_ASSET_SYMBOL_EXTENSIONS = YES;
				CLANG_ANALYZER_NONNULL = YES;
				CLANG_ANALYZER_NUMBER_OBJECT_CONVERSION = YES_AGGRESSIVE;
				CLANG_CXX_LANGUAGE_STANDARD = "gnu++20";
				CLANG_ENABLE_MODULES = YES;
				CLANG_ENABLE_OBJC_ARC = YES;
				CLANG_ENABLE_OBJC_WEAK = YES;
				CLANG_WARN_BLOCK_CAPTURE_AUTORELEASING = YES;
				CLANG_WARN_BOOL_CONVERSION = YES;
				CLANG_WARN_COMMA = YES;
				CLANG_WARN_CONSTANT_CONVERSION = YES;
				CLANG_WARN_DEPRECATED_OBJC_IMPLEMENTATIONS = YES;
				CLANG_WARN_DIRECT_OBJC_ISA_USAGE = YES_ERROR;
				CLANG_WARN_DOCUMENTATION_COMMENTS = YES;
				CLANG_WARN_EMPTY_BODY = YES;
				CLANG_WARN_ENUM_CONVERSION = YES;
				CLANG_WARN_INFINITE_RECURSION = YES;
				CLANG_WARN_INT_CONVERSION = YES;
				CLANG_WARN_NON_LITERAL_NULL_CONVERSION = YES;
				CLANG_WARN_OBJC_IMPLICIT_RETAIN_SELF = YES;
				CLANG_WARN_OBJC_LITERAL_CONVERSION = YES;
				CLANG_WARN_OBJC_ROOT_CLASS = YES_ERROR;
				CLANG_WARN_QUOTED_INCLUDE_IN_FRAMEWORK_HEADER = YES;
				CLANG_WARN_RANGE_LOOP_ANALYSIS = YES;
				CLANG_WARN_STRICT_PROTOTYPES = YES;
				CLANG_WARN_SUSPICIOUS_MOVE = YES;
				CLANG_WARN_UNGUARDED_AVAILABILITY = YES_AGGRESSIVE;
				CLANG_WARN_UNREACHABLE_CODE = YES;
				CLANG_WARN__DUPLICATE_METHOD_MATCH = YES;
				COPY_PHASE_STRIP = NO;
				DEBUG_INFORMATION_FORMAT = dwarf;
				ENABLE_STRICT_OBJC_MSGSEND = YES;
				ENABLE_TESTABILITY = YES;
				ENABLE_USER_SCRIPT_SANDBOXING = YES;
				GCC_C_LANGUAGE_STANDARD = gnu17;
				GCC_DYNAMIC_NO_PIC = NO;
				GCC_NO_COMMON_BLOCKS = YES;
				GCC_OPTIMIZATION_LEVEL = 0;
				GCC_PREPROCESSOR_DEFINITIONS = (
					"DEBUG=1",
					"$(inherited)",
				);
				GCC_WARN_64_TO_32_BIT_CONVERSION = YES;
				GCC_WARN_ABOUT_RETURN_TYPE = YES_ERROR;
				GCC_WARN_UNDECLARED_SELECTOR = YES;
				GCC_WARN_UNINITIALIZED_AUTOS = YES_AGGRESSIVE;
				GCC_WARN_UNUSED_FUNCTION = YES;
				GCC_WARN_UNUSED_VARIABLE = YES;
				IPHONEOS_DEPLOYMENT_TARGET = 17.5;
				LOCALIZATION_PREFERS_STRING_CATALOGS = YES;
				MTL_ENABLE_DEBUG_INFO = INCLUDE_SOURCE;
				MTL_FAST_MATH = YES;
				ONLY_ACTIVE_ARCH = YES;
				SDKROOT = iphoneos;
				SWIFT_ACTIVE_COMPILATION_CONDITIONS = "DEBUG $(inherited)";
				SWIFT_OPTIMIZATION_LEVEL = "-Onone";
			};
			name = Debug;
		};
		691B8F4E2D32A8CB004A2F7E /* Release */ = {
			isa = XCBuildConfiguration;
			buildSettings = {
				ALWAYS_SEARCH_USER_PATHS = NO;
				ASSETCATALOG_COMPILER_GENERATE_SWIFT_ASSET_SYMBOL_EXTENSIONS = YES;
				CLANG_ANALYZER_NONNULL = YES;
				CLANG_ANALYZER_NUMBER_OBJECT_CONVERSION = YES_AGGRESSIVE;
				CLANG_CXX_LANGUAGE_STANDARD = "gnu++20";
				CLANG_ENABLE_MODULES = YES;
				CLANG_ENABLE_OBJC_ARC = YES;
				CLANG_ENABLE_OBJC_WEAK = YES;
				CLANG_WARN_BLOCK_CAPTURE_AUTORELEASING = YES;
				CLANG_WARN_BOOL_CONVERSION = YES;
				CLANG_WARN_COMMA = YES;
				CLANG_WARN_CONSTANT_CONVERSION = YES;
				CLANG_WARN_DEPRECATED_OBJC_IMPLEMENTATIONS = YES;
				CLANG_WARN_DIRECT_OBJC_ISA_USAGE = YES_ERROR;
				CLANG_WARN_DOCUMENTATION_COMMENTS = YES;
				CLANG_WARN_EMPTY_BODY = YES;
				CLANG_WARN_ENUM_CONVERSION = YES;
				CLANG_WARN_INFINITE_RECURSION = YES;
				CLANG_WARN_INT_CONVERSION = YES;
				CLANG_WARN_NON_LITERAL_NULL_CONVERSION = YES;
				CLANG_WARN_OBJC_IMPLICIT_RETAIN_SELF = YES;
				CLANG_WARN_OBJC_LITERAL_CONVERSION = YES;
				CLANG_WARN_OBJC_ROOT_CLASS = YES_ERROR;
				CLANG_WARN_QUOTED_INCLUDE_IN_FRAMEWORK_HEADER = YES;
				CLANG_WARN_RANGE_LOOP_ANALYSIS = YES;
				CLANG_WARN_STRICT_PROTOTYPES = YES;
				CLANG_WARN_SUSPICIOUS_MOVE = YES;
				CLANG_WARN_UNGUARDED_AVAILABILITY = YES_AGGRESSIVE;
				CLANG_WARN_UNREACHABLE_CODE = YES;
				CLANG_WARN__DUPLICATE_METHOD_MATCH = YES;
				COPY_PHASE_STRIP = NO;
				DEBUG_INFORMATION_FORMAT = "dwarf-with-dsym";
				ENABLE_NS_ASSERTIONS = NO;
				ENABLE_STRICT_OBJC_MSGSEND = YES;
				ENABLE_USER_SCRIPT_SANDBOXING = YES;
				GCC_C_LANGUAGE_STANDARD = gnu17;
				GCC_NO_COMMON_BLOCKS = YES;
				GCC_WARN_64_TO_32_BIT_CONVERSION = YES;
				GCC_WARN_ABOUT_RETURN_TYPE = YES_ERROR;
				GCC_WARN_UNDECLARED_SELECTOR = YES;
				GCC_WARN_UNINITIALIZED_AUTOS = YES_AGGRESSIVE;
				GCC_WARN_UNUSED_FUNCTION = YES;
				GCC_WARN_UNUSED_VARIABLE = YES;
				IPHONEOS_DEPLOYMENT_TARGET = 17.5;
				LOCALIZATION_PREFERS_STRING_CATALOGS = YES;
				MTL_ENABLE_DEBUG_INFO = NO;
				MTL_FAST_MATH = YES;
				SDKROOT = iphoneos;
				SWIFT_COMPILATION_MODE = wholemodule;
				VALIDATE_PRODUCT = YES;
			};
			name = Release;
		};
		691B8F502D32A8CB004A2F7E /* Debug */ = {
			isa = XCBuildConfiguration;
			buildSettings = {
				ASSETCATALOG_COMPILER_APPICON_NAME = AppIcon;
				ASSETCATALOG_COMPILER_GLOBAL_ACCENT_COLOR_NAME = AccentColor;
				CODE_SIGN_STYLE = Automatic;
				CURRENT_PROJECT_VERSION = 1;
				DEVELOPMENT_TEAM = 9G888JR76L;
				GENERATE_INFOPLIST_FILE = YES;
				INFOPLIST_FILE = TabBarProjectExample/Info.plist;
				INFOPLIST_KEY_UIApplicationSupportsIndirectInputEvents = YES;
				INFOPLIST_KEY_UILaunchStoryboardName = LaunchScreen;
				INFOPLIST_KEY_UISupportedInterfaceOrientations_iPhone = "UIInterfaceOrientationPortrait UIInterfaceOrientationLandscapeLeft UIInterfaceOrientationLandscapeRight";
				LD_RUNPATH_SEARCH_PATHS = (
					"$(inherited)",
					"@executable_path/Frameworks",
				);
				MARKETING_VERSION = 1.0;
				PRODUCT_BUNDLE_IDENTIFIER = com.jairramirezgaston.TabBarProjectExample;
				PRODUCT_NAME = "$(TARGET_NAME)";
				SWIFT_EMIT_LOC_STRINGS = YES;
				SWIFT_VERSION = 5.0;
				TARGETED_DEVICE_FAMILY = "1,2";
			};
			name = Debug;
		};
		691B8F512D32A8CB004A2F7E /* Release */ = {
			isa = XCBuildConfiguration;
			buildSettings = {
				ASSETCATALOG_COMPILER_APPICON_NAME = AppIcon;
				ASSETCATALOG_COMPILER_GLOBAL_ACCENT_COLOR_NAME = AccentColor;
				CODE_SIGN_STYLE = Automatic;
				CURRENT_PROJECT_VERSION = 1;
				DEVELOPMENT_TEAM = 9G888JR76L;
				GENERATE_INFOPLIST_FILE = YES;
				INFOPLIST_FILE = TabBarProjectExample/Info.plist;
				INFOPLIST_KEY_UIApplicationSupportsIndirectInputEvents = YES;
				INFOPLIST_KEY_UILaunchStoryboardName = LaunchScreen;
				INFOPLIST_KEY_UISupportedInterfaceOrientations_iPhone = "UIInterfaceOrientationPortrait UIInterfaceOrientationLandscapeLeft UIInterfaceOrientationLandscapeRight";
				LD_RUNPATH_SEARCH_PATHS = (
					"$(inherited)",
					"@executable_path/Frameworks",
				);
				MARKETING_VERSION = 1.0;
				PRODUCT_BUNDLE_IDENTIFIER = com.jairramirezgaston.TabBarProjectExample;
				PRODUCT_NAME = "$(TARGET_NAME)";
				SWIFT_EMIT_LOC_STRINGS = YES;
				SWIFT_VERSION = 5.0;
				TARGETED_DEVICE_FAMILY = "1,2";
			};
			name = Release;
		};
/* End XCBuildConfiguration section */

/* Begin XCConfigurationList section */
		691B8F362D32A8CA004A2F7E /* Build configuration list for PBXProject "TabBarProjectExample" */ = {
			isa = XCConfigurationList;
			buildConfigurations = (
				691B8F4D2D32A8CB004A2F7E /* Debug */,
				691B8F4E2D32A8CB004A2F7E /* Release */,
			);
			defaultConfigurationIsVisible = 0;
			defaultConfigurationName = Release;
		};
		691B8F4F2D32A8CB004A2F7E /* Build configuration list for PBXNativeTarget "TabBarProjectExample" */ = {
			isa = XCConfigurationList;
			buildConfigurations = (
				691B8F502D32A8CB004A2F7E /* Debug */,
				691B8F512D32A8CB004A2F7E /* Release */,
			);
			defaultConfigurationIsVisible = 0;
			defaultConfigurationName = Release;
		};
/* End XCConfigurationList section */
	};
	rootObject = 691B8F332D32A8CA004A2F7E /* Project object */;
}
